// !$*UTF8*$!
{
	archiveVersion = 1;
	classes = {
	};
	objectVersion = 50;
	objects = {

/* Begin PBXBuildFile section */
		C94F406126C6DC4B00AD2B97 /* AppDelegate.swift in Sources */ = {isa = PBXBuildFile; fileRef = C94F406026C6DC4B00AD2B97 /* AppDelegate.swift */; };
		C94F406326C6DC4B00AD2B97 /* SceneDelegate.swift in Sources */ = {isa = PBXBuildFile; fileRef = C94F406226C6DC4B00AD2B97 /* SceneDelegate.swift */; };
		C94F406526C6DC4B00AD2B97 /* ViewController.swift in Sources */ = {isa = PBXBuildFile; fileRef = C94F406426C6DC4B00AD2B97 /* ViewController.swift */; };
		C94F406826C6DC4B00AD2B97 /* Main.storyboard in Resources */ = {isa = PBXBuildFile; fileRef = C94F406626C6DC4B00AD2B97 /* Main.storyboard */; };
		C94F406A26C6DC4F00AD2B97 /* Assets.xcassets in Resources */ = {isa = PBXBuildFile; fileRef = C94F406926C6DC4F00AD2B97 /* Assets.xcassets */; };
		C94F406D26C6DC4F00AD2B97 /* LaunchScreen.storyboard in Resources */ = {isa = PBXBuildFile; fileRef = C94F406B26C6DC4F00AD2B97 /* LaunchScreen.storyboard */; };
/* End PBXBuildFile section */

/* Begin PBXFileReference section */
		C94F405D26C6DC4B00AD2B97 /* Teste_Laila_Madein.app */ = {isa = PBXFileReference; explicitFileType = wrapper.application; includeInIndex = 0; path = Teste_Laila_Madein.app; sourceTree = BUILT_PRODUCTS_DIR; };
		C94F406026C6DC4B00AD2B97 /* AppDelegate.swift */ = {isa = PBXFileReference; lastKnownFileType = sourcecode.swift; path = AppDelegate.swift; sourceTree = "<group>"; };
		C94F406226C6DC4B00AD2B97 /* SceneDelegate.swift */ = {isa = PBXFileReference; lastKnownFileType = sourcecode.swift; path = SceneDelegate.swift; sourceTree = "<group>"; };
		C94F406426C6DC4B00AD2B97 /* ViewController.swift */ = {isa = PBXFileReference; lastKnownFileType = sourcecode.swift; path = ViewController.swift; sourceTree = "<group>"; };
		C94F406726C6DC4B00AD2B97 /* Base */ = {isa = PBXFileReference; lastKnownFileType = file.storyboard; name = Base; path = Base.lproj/Main.storyboard; sourceTree = "<group>"; };
		C94F406926C6DC4F00AD2B97 /* Assets.xcassets */ = {isa = PBXFileReference; lastKnownFileType = folder.assetcatalog; path = Assets.xcassets; sourceTree = "<group>"; };
		C94F406C26C6DC4F00AD2B97 /* Base */ = {isa = PBXFileReference; lastKnownFileType = file.storyboard; name = Base; path = Base.lproj/LaunchScreen.storyboard; sourceTree = "<group>"; };
		C94F406E26C6DC4F00AD2B97 /* Info.plist */ = {isa = PBXFileReference; lastKnownFileType = text.plist.xml; path = Info.plist; sourceTree = "<group>"; };
/* End PBXFileReference section */

/* Begin PBXFrameworksBuildPhase section */
		C94F405A26C6DC4B00AD2B97 /* Frameworks */ = {
			isa = PBXFrameworksBuildPhase;
			buildActionMask = 2147483647;
			files = (
			);
			runOnlyForDeploymentPostprocessing = 0;
		};
/* End PBXFrameworksBuildPhase section */

/* Begin PBXGroup section */
		C94F405426C6DC4B00AD2B97 = {
			isa = PBXGroup;
			children = (
				C94F405F26C6DC4B00AD2B97 /* Teste_Laila_Madein */,
				C94F405E26C6DC4B00AD2B97 /* Products */,
			);
			sourceTree = "<group>";
		};
		C94F405E26C6DC4B00AD2B97 /* Products */ = {
			isa = PBXGroup;
			children = (
				C94F405D26C6DC4B00AD2B97 /* Teste_Laila_Madein.app */,
			);
			name = Products;
			sourceTree = "<group>";
		};
		C94F405F26C6DC4B00AD2B97 /* Teste_Laila_Madein */ = {
			isa = PBXGroup;
			children = (
				C94F406026C6DC4B00AD2B97 /* AppDelegate.swift */,
				C94F406226C6DC4B00AD2B97 /* SceneDelegate.swift */,
				C94F406426C6DC4B00AD2B97 /* ViewController.swift */,
				C94F406626C6DC4B00AD2B97 /* Main.storyboard */,
				C94F406926C6DC4F00AD2B97 /* Assets.xcassets */,
				C94F406B26C6DC4F00AD2B97 /* LaunchScreen.storyboard */,
				C94F406E26C6DC4F00AD2B97 /* Info.plist */,
			);
			path = Teste_Laila_Madein;
			sourceTree = "<group>";
		};
/* End PBXGroup section */

/* Begin PBXNativeTarget section */
		C94F405C26C6DC4B00AD2B97 /* Teste_Laila_Madein */ = {
			isa = PBXNativeTarget;
			buildConfigurationList = C94F407126C6DC4F00AD2B97 /* Build configuration list for PBXNativeTarget "Teste_Laila_Madein" */;
			buildPhases = (
				C94F405926C6DC4B00AD2B97 /* Sources */,
				C94F405A26C6DC4B00AD2B97 /* Frameworks */,
				C94F405B26C6DC4B00AD2B97 /* Resources */,
			);
			buildRules = (
			);
			dependencies = (
			);
			name = Teste_Laila_Madein;
			productName = Teste_Laila_Madein;
			productReference = C94F405D26C6DC4B00AD2B97 /* Teste_Laila_Madein.app */;
			productType = "com.apple.product-type.application";
		};
/* End PBXNativeTarget section */

/* Begin PBXProject section */
		C94F405526C6DC4B00AD2B97 /* Project object */ = {
			isa = PBXProject;
			attributes = {
				LastSwiftUpdateCheck = 1250;
				LastUpgradeCheck = 1250;
				TargetAttributes = {
					C94F405C26C6DC4B00AD2B97 = {
						CreatedOnToolsVersion = 12.5.1;
					};
				};
			};
			buildConfigurationList = C94F405826C6DC4B00AD2B97 /* Build configuration list for PBXProject "Teste_Laila_Madein" */;
			compatibilityVersion = "Xcode 9.3";
			developmentRegion = en;
			hasScannedForEncodings = 0;
			knownRegions = (
				en,
				Base,
			);
			mainGroup = C94F405426C6DC4B00AD2B97;
			productRefGroup = C94F405E26C6DC4B00AD2B97 /* Products */;
			projectDirPath = "";
			projectRoot = "";
			targets = (
				C94F405C26C6DC4B00AD2B97 /* Teste_Laila_Madein */,
			);
		};
/* End PBXProject section */

/* Begin PBXResourcesBuildPhase section */
		C94F405B26C6DC4B00AD2B97 /* Resources */ = {
			isa = PBXResourcesBuildPhase;
			buildActionMask = 2147483647;
			files = (
				C94F406D26C6DC4F00AD2B97 /* LaunchScreen.storyboard in Resources */,
				C94F406A26C6DC4F00AD2B97 /* Assets.xcassets in Resources */,
				C94F406826C6DC4B00AD2B97 /* Main.storyboard in Resources */,
			);
			runOnlyForDeploymentPostprocessing = 0;
		};
/* End PBXResourcesBuildPhase section */

/* Begin PBXSourcesBuildPhase section */
		C94F405926C6DC4B00AD2B97 /* Sources */ = {
			isa = PBXSourcesBuildPhase;
			buildActionMask = 2147483647;
			files = (
				C94F406526C6DC4B00AD2B97 /* ViewController.swift in Sources */,
				C94F406126C6DC4B00AD2B97 /* AppDelegate.swift in Sources */,
				C94F406326C6DC4B00AD2B97 /* SceneDelegate.swift in Sources */,
			);
			runOnlyForDeploymentPostprocessing = 0;
		};
/* End PBXSourcesBuildPhase section */

/* Begin PBXVariantGroup section */
		C94F406626C6DC4B00AD2B97 /* Main.storyboard */ = {
			isa = PBXVariantGroup;
			children = (
				C94F406726C6DC4B00AD2B97 /* Base */,
			);
			name = Main.storyboard;
			sourceTree = "<group>";
		};
		C94F406B26C6DC4F00AD2B97 /* LaunchScreen.storyboard */ = {
			isa = PBXVariantGroup;
			children = (
				C94F406C26C6DC4F00AD2B97 /* Base */,
			);
			name = LaunchScreen.storyboard;
			sourceTree = "<group>";
		};
/* End PBXVariantGroup section */

/* Begin XCBuildConfiguration section */
		C94F406F26C6DC4F00AD2B97 /* Debug */ = {
			isa = XCBuildConfiguration;
			buildSettings = {
				ALWAYS_SEARCH_USER_PATHS = NO;
				CLANG_ANALYZER_NONNULL = YES;
				CLANG_ANALYZER_NUMBER_OBJECT_CONVERSION = YES_AGGRESSIVE;
				CLANG_CXX_LANGUAGE_STANDARD = "gnu++14";
				CLANG_CXX_LIBRARY = "libc++";
				CLANG_ENABLE_MODULES = YES;
				CLANG_ENABLE_OBJC_ARC = YES;
				CLANG_ENABLE_OBJC_WEAK = YES;
				CLANG_WARN_BLOCK_CAPTURE_AUTORELEASING = YES;
				CLANG_WARN_BOOL_CONVERSION = YES;
				CLANG_WARN_COMMA = YES;
				CLANG_WARN_CONSTANT_CONVERSION = YES;
				CLANG_WARN_DEPRECATED_OBJC_IMPLEMENTATIONS = YES;
				CLANG_WARN_DIRECT_OBJC_ISA_USAGE = YES_ERROR;
				CLANG_WARN_DOCUMENTATION_COMMENTS = YES;
				CLANG_WARN_EMPTY_BODY = YES;
				CLANG_WARN_ENUM_CONVERSION = YES;
				CLANG_WARN_INFINITE_RECURSION = YES;
				CLANG_WARN_INT_CONVERSION = YES;
				CLANG_WARN_NON_LITERAL_NULL_CONVERSION = YES;
				CLANG_WARN_OBJC_IMPLICIT_RETAIN_SELF = YES;
				CLANG_WARN_OBJC_LITERAL_CONVERSION = YES;
				CLANG_WARN_OBJC_ROOT_CLASS = YES_ERROR;
				CLANG_WARN_QUOTED_INCLUDE_IN_FRAMEWORK_HEADER = YES;
				CLANG_WARN_RANGE_LOOP_ANALYSIS = YES;
				CLANG_WARN_STRICT_PROTOTYPES = YES;
				CLANG_WARN_SUSPICIOUS_MOVE = YES;
				CLANG_WARN_UNGUARDED_AVAILABILITY = YES_AGGRESSIVE;
				CLANG_WARN_UNREACHABLE_CODE = YES;
				CLANG_WARN__DUPLICATE_METHOD_MATCH = YES;
				COPY_PHASE_STRIP = NO;
				DEBUG_INFORMATION_FORMAT = dwarf;
				ENABLE_STRICT_OBJC_MSGSEND = YES;
				ENABLE_TESTABILITY = YES;
				GCC_C_LANGUAGE_STANDARD = gnu11;
				GCC_DYNAMIC_NO_PIC = NO;
				GCC_NO_COMMON_BLOCKS = YES;
				GCC_OPTIMIZATION_LEVEL = 0;
				GCC_PREPROCESSOR_DEFINITIONS = (
					"DEBUG=1",
					"$(inherited)",
				);
				GCC_WARN_64_TO_32_BIT_CONVERSION = YES;
				GCC_WARN_ABOUT_RETURN_TYPE = YES_ERROR;
				GCC_WARN_UNDECLARED_SELECTOR = YES;
				GCC_WARN_UNINITIALIZED_AUTOS = YES_AGGRESSIVE;
				GCC_WARN_UNUSED_FUNCTION = YES;
				GCC_WARN_UNUSED_VARIABLE = YES;
				IPHONEOS_DEPLOYMENT_TARGET = 14.5;
				MTL_ENABLE_DEBUG_INFO = INCLUDE_SOURCE;
				MTL_FAST_MATH = YES;
				ONLY_ACTIVE_ARCH = YES;
				SDKROOT = iphoneos;
				SWIFT_ACTIVE_COMPILATION_CONDITIONS = DEBUG;
				SWIFT_OPTIMIZATION_LEVEL = "-Onone";
			};
			name = Debug;
		};
		C94F407026C6DC4F00AD2B97 /* Release */ = {
			isa = XCBuildConfiguration;
			buildSettings = {
				ALWAYS_SEARCH_USER_PATHS = NO;
				CLANG_ANALYZER_NONNULL = YES;
				CLANG_ANALYZER_NUMBER_OBJECT_CONVERSION = YES_AGGRESSIVE;
				CLANG_CXX_LANGUAGE_STANDARD = "gnu++14";
				CLANG_CXX_LIBRARY = "libc++";
				CLANG_ENABLE_MODULES = YES;
				CLANG_ENABLE_OBJC_ARC = YES;
				CLANG_ENABLE_OBJC_WEAK = YES;
				CLANG_WARN_BLOCK_CAPTURE_AUTORELEASING = YES;
				CLANG_WARN_BOOL_CONVERSION = YES;
				CLANG_WARN_COMMA = YES;
				CLANG_WARN_CONSTANT_CONVERSION = YES;
				CLANG_WARN_DEPRECATED_OBJC_IMPLEMENTATIONS = YES;
				CLANG_WARN_DIRECT_OBJC_ISA_USAGE = YES_ERROR;
				CLANG_WARN_DOCUMENTATION_COMMENTS = YES;
				CLANG_WARN_EMPTY_BODY = YES;
				CLANG_WARN_ENUM_CONVERSION = YES;
				CLANG_WARN_INFINITE_RECURSION = YES;
				CLANG_WARN_INT_CONVERSION = YES;
				CLANG_WARN_NON_LITERAL_NULL_CONVERSION = YES;
				CLANG_WARN_OBJC_IMPLICIT_RETAIN_SELF = YES;
				CLANG_WARN_OBJC_LITERAL_CONVERSION = YES;
				CLANG_WARN_OBJC_ROOT_CLASS = YES_ERROR;
				CLANG_WARN_QUOTED_INCLUDE_IN_FRAMEWORK_HEADER = YES;
				CLANG_WARN_RANGE_LOOP_ANALYSIS = YES;
				CLANG_WARN_STRICT_PROTOTYPES = YES;
				CLANG_WARN_SUSPICIOUS_MOVE = YES;
				CLANG_WARN_UNGUARDED_AVAILABILITY = YES_AGGRESSIVE;
				CLANG_WARN_UNREACHABLE_CODE = YES;
				CLANG_WARN__DUPLICATE_METHOD_MATCH = YES;
				COPY_PHASE_STRIP = NO;
				DEBUG_INFORMATION_FORMAT = "dwarf-with-dsym";
				ENABLE_NS_ASSERTIONS = NO;
				ENABLE_STRICT_OBJC_MSGSEND = YES;
				GCC_C_LANGUAGE_STANDARD = gnu11;
				GCC_NO_COMMON_BLOCKS = YES;
				GCC_WARN_64_TO_32_BIT_CONVERSION = YES;
				GCC_WARN_ABOUT_RETURN_TYPE = YES_ERROR;
				GCC_WARN_UNDECLARED_SELECTOR = YES;
				GCC_WARN_UNINITIALIZED_AUTOS = YES_AGGRESSIVE;
				GCC_WARN_UNUSED_FUNCTION = YES;
				GCC_WARN_UNUSED_VARIABLE = YES;
				IPHONEOS_DEPLOYMENT_TARGET = 14.5;
				MTL_ENABLE_DEBUG_INFO = NO;
				MTL_FAST_MATH = YES;
				SDKROOT = iphoneos;
				SWIFT_COMPILATION_MODE = wholemodule;
				SWIFT_OPTIMIZATION_LEVEL = "-O";
				VALIDATE_PRODUCT = YES;
			};
			name = Release;
		};
		C94F407226C6DC4F00AD2B97 /* Debug */ = {
			isa = XCBuildConfiguration;
			buildSettings = {
				ASSETCATALOG_COMPILER_APPICON_NAME = AppIcon;
				ASSETCATALOG_COMPILER_GLOBAL_ACCENT_COLOR_NAME = AccentColor;
				CODE_SIGN_STYLE = Automatic;
				DEVELOPMENT_TEAM = NU7PDN3PT3;
				INFOPLIST_FILE = Teste_Laila_Madein/Info.plist;
				LD_RUNPATH_SEARCH_PATHS = (
					"$(inherited)",
					"@executable_path/Frameworks",
				);
				PRODUCT_BUNDLE_IDENTIFIER = "com.lailagh.Teste-Laila-Madein";
				PRODUCT_NAME = "$(TARGET_NAME)";
				SWIFT_VERSION = 5.0;
				TARGETED_DEVICE_FAMILY = "1,2";
			};
			name = Debug;
		};
		C94F407326C6DC4F00AD2B97 /* Release */ = {
			isa = XCBuildConfiguration;
			buildSettings = {
				ASSETCATALOG_COMPILER_APPICON_NAME = AppIcon;
				ASSETCATALOG_COMPILER_GLOBAL_ACCENT_COLOR_NAME = AccentColor;
				CODE_SIGN_STYLE = Automatic;
				DEVELOPMENT_TEAM = NU7PDN3PT3;
				INFOPLIST_FILE = Teste_Laila_Madein/Info.plist;
				LD_RUNPATH_SEARCH_PATHS = (
					"$(inherited)",
					"@executable_path/Frameworks",
				);
				PRODUCT_BUNDLE_IDENTIFIER = "com.lailagh.Teste-Laila-Madein";
				PRODUCT_NAME = "$(TARGET_NAME)";
				SWIFT_VERSION = 5.0;
				TARGETED_DEVICE_FAMILY = "1,2";
			};
			name = Release;
		};
/* End XCBuildConfiguration section */

/* Begin XCConfigurationList section */
		C94F405826C6DC4B00AD2B97 /* Build configuration list for PBXProject "Teste_Laila_Madein" */ = {
			isa = XCConfigurationList;
			buildConfigurations = (
				C94F406F26C6DC4F00AD2B97 /* Debug */,
				C94F407026C6DC4F00AD2B97 /* Release */,
			);
			defaultConfigurationIsVisible = 0;
			defaultConfigurationName = Release;
		};
		C94F407126C6DC4F00AD2B97 /* Build configuration list for PBXNativeTarget "Teste_Laila_Madein" */ = {
			isa = XCConfigurationList;
			buildConfigurations = (
				C94F407226C6DC4F00AD2B97 /* Debug */,
				C94F407326C6DC4F00AD2B97 /* Release */,
			);
			defaultConfigurationIsVisible = 0;
			defaultConfigurationName = Release;
		};
/* End XCConfigurationList section */
	};
	rootObject = C94F405526C6DC4B00AD2B97 /* Project object */;
}
